
Microsoft Visual Studio Solution File, Format Version 12.00
# Visual Studio Version 17
VisualStudioVersion = 17.10.35122.118
MinimumVisualStudioVersion = 10.0.40219.1
Project("{9A19103F-16F7-4668-BE54-9A1E7A4F7556}") = "GameZone", "GameZone\GameZone.csproj", "{7614EACF-8410-4A55-B1F9-67D6F7421F89}"
EndProject
Global
	GlobalSection(SolutionConfigurationPlatforms) = preSolution
		Debug|Any CPU = Debug|Any CPU
		Release|Any CPU = Release|Any CPU
	EndGlobalSection
	GlobalSection(ProjectConfigurationPlatforms) = postSolution
		{7614EACF-8410-4A55-B1F9-67D6F7421F89}.Debug|Any CPU.ActiveCfg = Debug|Any CPU
		{7614EACF-8410-4A55-B1F9-67D6F7421F89}.Debug|Any CPU.Build.0 = Debug|Any CPU
		{7614EACF-8410-4A55-B1F9-67D6F7421F89}.Release|Any CPU.ActiveCfg = Release|Any CPU
		{7614EACF-8410-4A55-B1F9-67D6F7421F89}.Release|Any CPU.Build.0 = Release|Any CPU
	EndGlobalSection
	GlobalSection(SolutionProperties) = preSolution
		HideSolutionNode = FALSE
	EndGlobalSection
	GlobalSection(ExtensibilityGlobals) = postSolution
		SolutionGuid = {08CB1309-FE60-40E0-97C6-004580256BFB}
	EndGlobalSection
EndGlobal
